
Microsoft Visual Studio Solution File, Format Version 12.00
# Visual Studio Version 16
VisualStudioVersion = 16.0.30406.217
MinimumVisualStudioVersion = 10.0.40219.1
Project("{FAE04EC0-301F-11D3-BF4B-00C04F79EFBC}") = "СamomileAndPartners", "СamomileAndPartners\СamomileAndPartners.csproj", "{039834CB-3FC1-4BA4-9F6D-50113FD47BA4}"
EndProject
Project("{FAE04EC0-301F-11D3-BF4B-00C04F79EFBC}") = "RaP_DAL", "RaP_DAL\RaP_DAL.csproj", "{EA99006D-D29B-4FB2-B3DD-E852C6177AAE}"
EndProject
Global
	GlobalSection(SolutionConfigurationPlatforms) = preSolution
		Debug|Any CPU = Debug|Any CPU
		Release|Any CPU = Release|Any CPU
	EndGlobalSection
	GlobalSection(ProjectConfigurationPlatforms) = postSolution
		{039834CB-3FC1-4BA4-9F6D-50113FD47BA4}.Debug|Any CPU.ActiveCfg = Debug|Any CPU
		{039834CB-3FC1-4BA4-9F6D-50113FD47BA4}.Debug|Any CPU.Build.0 = Debug|Any CPU
		{039834CB-3FC1-4BA4-9F6D-50113FD47BA4}.Release|Any CPU.ActiveCfg = Release|Any CPU
		{039834CB-3FC1-4BA4-9F6D-50113FD47BA4}.Release|Any CPU.Build.0 = Release|Any CPU
		{EA99006D-D29B-4FB2-B3DD-E852C6177AAE}.Debug|Any CPU.ActiveCfg = Debug|Any CPU
		{EA99006D-D29B-4FB2-B3DD-E852C6177AAE}.Debug|Any CPU.Build.0 = Debug|Any CPU
		{EA99006D-D29B-4FB2-B3DD-E852C6177AAE}.Release|Any CPU.ActiveCfg = Release|Any CPU
		{EA99006D-D29B-4FB2-B3DD-E852C6177AAE}.Release|Any CPU.Build.0 = Release|Any CPU
	EndGlobalSection
	GlobalSection(SolutionProperties) = preSolution
		HideSolutionNode = FALSE
	EndGlobalSection
	GlobalSection(ExtensibilityGlobals) = postSolution
		SolutionGuid = {CD401515-75B7-40BE-A3E9-A980ABF9CB1C}
	EndGlobalSection
EndGlobal
